
Microsoft Visual Studio Solution File, Format Version 12.00
# Visual Studio 2013
VisualStudioVersion = 12.0.21005.1
MinimumVisualStudioVersion = 10.0.40219.1
Project("{FAE04EC0-301F-11D3-BF4B-00C04F79EFBC}") = "MvvmNotificationChainer", "MvvmNotificationChainer\MvvmNotificationChainer.csproj", "{310522D6-E128-4EB2-83BD-888CBF10CEA6}"
EndProject
Project("{FAE04EC0-301F-11D3-BF4B-00C04F79EFBC}") = "MvvmNotificationChainer.UnitTests", "MvvmNotificationChainer.UnitTests\MvvmNotificationChainer.UnitTests.csproj", "{D4F29CCD-8974-4246-A3EB-D51BE7EB173A}"
EndProject
Project("{FAE04EC0-301F-11D3-BF4B-00C04F79EFBC}") = "Demo", "Demo\Demo.csproj", "{BC813878-C647-4B17-9119-B1757464728B}"
EndProject
Project("{2150E333-8FDC-42A3-9474-1A3956D46DE8}") = ".nuget", ".nuget", "{C5C177F8-BBA7-4D24-9D8F-3A6EDCE1B038}"
	ProjectSection(SolutionItems) = preProject
		.nuget\NuGet.Config = .nuget\NuGet.Config
		.nuget\NuGet.exe = .nuget\NuGet.exe
		.nuget\NuGet.targets = .nuget\NuGet.targets
	EndProjectSection
EndProject
Project("{2150E333-8FDC-42A3-9474-1A3956D46DE8}") = "Solution Items", "Solution Items", "{E161243F-78C2-497B-96A0-5680EEA607F4}"
	ProjectSection(SolutionItems) = preProject
		notes.txt = notes.txt
		README.md = README.md
	EndProjectSection
EndProject
Project("{FAE04EC0-301F-11D3-BF4B-00C04F79EFBC}") = "Demo2", "Demo2\Demo2.csproj", "{437F4FFF-85F2-4ED0-A228-FDF365A28AC5}"
EndProject
Project("{FAE04EC0-301F-11D3-BF4B-00C04F79EFBC}") = "Demo3", "Demo3\Demo3.csproj", "{E966F983-B35F-44A7-9215-5BA97CA3C583}"
EndProject
Global
	GlobalSection(SolutionConfigurationPlatforms) = preSolution
		Debug|Any CPU = Debug|Any CPU
		Release|Any CPU = Release|Any CPU
	EndGlobalSection
	GlobalSection(ProjectConfigurationPlatforms) = postSolution
		{310522D6-E128-4EB2-83BD-888CBF10CEA6}.Debug|Any CPU.ActiveCfg = Debug|Any CPU
		{310522D6-E128-4EB2-83BD-888CBF10CEA6}.Debug|Any CPU.Build.0 = Debug|Any CPU
		{310522D6-E128-4EB2-83BD-888CBF10CEA6}.Release|Any CPU.ActiveCfg = Release|Any CPU
		{310522D6-E128-4EB2-83BD-888CBF10CEA6}.Release|Any CPU.Build.0 = Release|Any CPU
		{D4F29CCD-8974-4246-A3EB-D51BE7EB173A}.Debug|Any CPU.ActiveCfg = Debug|Any CPU
		{D4F29CCD-8974-4246-A3EB-D51BE7EB173A}.Debug|Any CPU.Build.0 = Debug|Any CPU
		{D4F29CCD-8974-4246-A3EB-D51BE7EB173A}.Release|Any CPU.ActiveCfg = Release|Any CPU
		{D4F29CCD-8974-4246-A3EB-D51BE7EB173A}.Release|Any CPU.Build.0 = Release|Any CPU
		{BC813878-C647-4B17-9119-B1757464728B}.Debug|Any CPU.ActiveCfg = Debug|Any CPU
		{BC813878-C647-4B17-9119-B1757464728B}.Debug|Any CPU.Build.0 = Debug|Any CPU
		{BC813878-C647-4B17-9119-B1757464728B}.Release|Any CPU.ActiveCfg = Release|Any CPU
		{BC813878-C647-4B17-9119-B1757464728B}.Release|Any CPU.Build.0 = Release|Any CPU
		{437F4FFF-85F2-4ED0-A228-FDF365A28AC5}.Debug|Any CPU.ActiveCfg = Debug|Any CPU
		{437F4FFF-85F2-4ED0-A228-FDF365A28AC5}.Debug|Any CPU.Build.0 = Debug|Any CPU
		{437F4FFF-85F2-4ED0-A228-FDF365A28AC5}.Release|Any CPU.ActiveCfg = Release|Any CPU
		{437F4FFF-85F2-4ED0-A228-FDF365A28AC5}.Release|Any CPU.Build.0 = Release|Any CPU
		{E966F983-B35F-44A7-9215-5BA97CA3C583}.Debug|Any CPU.ActiveCfg = Debug|Any CPU
		{E966F983-B35F-44A7-9215-5BA97CA3C583}.Debug|Any CPU.Build.0 = Debug|Any CPU
		{E966F983-B35F-44A7-9215-5BA97CA3C583}.Release|Any CPU.ActiveCfg = Release|Any CPU
		{E966F983-B35F-44A7-9215-5BA97CA3C583}.Release|Any CPU.Build.0 = Release|Any CPU
	EndGlobalSection
	GlobalSection(SolutionProperties) = preSolution
		HideSolutionNode = FALSE
	EndGlobalSection
EndGlobal
